
Microsoft Visual Studio Solution File, Format Version 12.00
# Visual Studio Version 17
VisualStudioVersion = 17.8.34408.163
MinimumVisualStudioVersion = 10.0.40219.1
Project("{FAE04EC0-301F-11D3-BF4B-00C04F79EFBC}") = "Su24_Test", "Su24_Test.csproj", "{A5BC278E-DB24-4C47-BFB1-F6EB75AE1248}"
EndProject
Global
	GlobalSection(SolutionConfigurationPlatforms) = preSolution
		Debug|Any CPU = Debug|Any CPU
		Release|Any CPU = Release|Any CPU
	EndGlobalSection
	GlobalSection(ProjectConfigurationPlatforms) = postSolution
		{A5BC278E-DB24-4C47-BFB1-F6EB75AE1248}.Debug|Any CPU.ActiveCfg = Debug|Any CPU
		{A5BC278E-DB24-4C47-BFB1-F6EB75AE1248}.Debug|Any CPU.Build.0 = Debug|Any CPU
		{A5BC278E-DB24-4C47-BFB1-F6EB75AE1248}.Release|Any CPU.ActiveCfg = Release|Any CPU
		{A5BC278E-DB24-4C47-BFB1-F6EB75AE1248}.Release|Any CPU.Build.0 = Release|Any CPU
	EndGlobalSection
	GlobalSection(SolutionProperties) = preSolution
		HideSolutionNode = FALSE
	EndGlobalSection
	GlobalSection(ExtensibilityGlobals) = postSolution
		SolutionGuid = {0BA5DB2B-509C-4492-B376-A2B8C89A882C}
	EndGlobalSection
EndGlobal
